PODS:
  - Flutter (1.0.0)
  - union_pay (1.0.2):
    - Flutter

DEPENDENCIES:
  - Flutter (from `Flutter`)
  - union_pay (from `.symlinks/plugins/union_pay/ios`)

EXTERNAL SOURCES:
  Flutter:
    :path: Flutter
  union_pay:
    :path: ".symlinks/plugins/union_pay/ios"

SPEC CHECKSUMS:
  Flutter: e0871f40cf51350855a761d2e70bf5af5b9b5de7
  union_pay: 03c27f23774b57bf02f0c8182db7e49ab966f2c4

PODFILE CHECKSUM: c4c93c5f6502fe2754f48404d3594bf779584011

COCOAPODS: 1.15.2
